
Microsoft Visual Studio Solution File, Format Version 12.00
# Visual Studio Version 16
VisualStudioVersion = 16.0.32126.315
MinimumVisualStudioVersion = 10.0.40219.1
Project("{2150E333-8FDC-42A3-9474-1A3956D46DE8}") = "07-Exercicio", "07-Exercicio", "{EB3D6A72-D4A9-4535-B066-62B73E2578B6}"
EndProject
Project("{FAE04EC0-301F-11D3-BF4B-00C04F79EFBC}") = "exercicio.07", "exercicio.07\exercicio.07.csproj", "{B93FAA54-96DF-4000-8472-D5DE65743016}"
EndProject
Project("{2150E333-8FDC-42A3-9474-1A3956D46DE8}") = "09-Exercicio", "09-Exercicio", "{771532B0-175C-4F62-89C0-822E6B078A6B}"
EndProject
Project("{FAE04EC0-301F-11D3-BF4B-00C04F79EFBC}") = "exercicio.09", "exercicio.09\exercicio.09.csproj", "{9837E5BF-585B-4285-BE37-C6DFF04FFD3D}"
EndProject
Project("{2150E333-8FDC-42A3-9474-1A3956D46DE8}") = "10-Exercicio", "10-Exercicio", "{95D997F9-CE4A-4978-85C6-498A5FA43738}"
EndProject
Project("{FAE04EC0-301F-11D3-BF4B-00C04F79EFBC}") = "exercicio.10", "exercicio.10\exercicio.10.csproj", "{2393BA21-671B-492A-97DE-A6B05DAADC7D}"
EndProject
Global
	GlobalSection(SolutionConfigurationPlatforms) = preSolution
		Debug|Any CPU = Debug|Any CPU
		Release|Any CPU = Release|Any CPU
	EndGlobalSection
	GlobalSection(ProjectConfigurationPlatforms) = postSolution
		{B93FAA54-96DF-4000-8472-D5DE65743016}.Debug|Any CPU.ActiveCfg = Debug|Any CPU
		{B93FAA54-96DF-4000-8472-D5DE65743016}.Debug|Any CPU.Build.0 = Debug|Any CPU
		{B93FAA54-96DF-4000-8472-D5DE65743016}.Release|Any CPU.ActiveCfg = Release|Any CPU
		{B93FAA54-96DF-4000-8472-D5DE65743016}.Release|Any CPU.Build.0 = Release|Any CPU
		{9837E5BF-585B-4285-BE37-C6DFF04FFD3D}.Debug|Any CPU.ActiveCfg = Debug|Any CPU
		{9837E5BF-585B-4285-BE37-C6DFF04FFD3D}.Debug|Any CPU.Build.0 = Debug|Any CPU
		{9837E5BF-585B-4285-BE37-C6DFF04FFD3D}.Release|Any CPU.ActiveCfg = Release|Any CPU
		{9837E5BF-585B-4285-BE37-C6DFF04FFD3D}.Release|Any CPU.Build.0 = Release|Any CPU
		{2393BA21-671B-492A-97DE-A6B05DAADC7D}.Debug|Any CPU.ActiveCfg = Debug|Any CPU
		{2393BA21-671B-492A-97DE-A6B05DAADC7D}.Debug|Any CPU.Build.0 = Debug|Any CPU
		{2393BA21-671B-492A-97DE-A6B05DAADC7D}.Release|Any CPU.ActiveCfg = Release|Any CPU
		{2393BA21-671B-492A-97DE-A6B05DAADC7D}.Release|Any CPU.Build.0 = Release|Any CPU
	EndGlobalSection
	GlobalSection(SolutionProperties) = preSolution
		HideSolutionNode = FALSE
	EndGlobalSection
	GlobalSection(NestedProjects) = preSolution
		{B93FAA54-96DF-4000-8472-D5DE65743016} = {EB3D6A72-D4A9-4535-B066-62B73E2578B6}
		{9837E5BF-585B-4285-BE37-C6DFF04FFD3D} = {771532B0-175C-4F62-89C0-822E6B078A6B}
		{2393BA21-671B-492A-97DE-A6B05DAADC7D} = {95D997F9-CE4A-4978-85C6-498A5FA43738}
	EndGlobalSection
	GlobalSection(ExtensibilityGlobals) = postSolution
		SolutionGuid = {8A3519C7-5DAF-4D09-90CD-A8FAE455ED07}
	EndGlobalSection
EndGlobal
